<?xml version="1.0" encoding="utf-8"?>
<Project ToolsVersion="4.0" xmlns="http://schemas.microsoft.com/developer/msbuild/2003">
  <ItemGroup>
    <Filter Include="ソース ファイル">
      <UniqueIdentifier>{4FC737F1-C7A5-4376-A066-2A32D752A2FF}</UniqueIdentifier>
      <Extensions>cpp;c;cc;cxx;c++;cppm;ixx;def;odl;idl;hpj;bat;asm;asmx</Extensions>
    </Filter>
    <Filter Include="ヘッダー ファイル">
      <UniqueIdentifier>{93995380-89BD-4b04-88EB-625FBE52EBFB}</UniqueIdentifier>
      <Extensions>h;hh;hpp;hxx;h++;hm;inl;inc;ipp;xsd</Extensions>
    </Filter>
    <Filter Include="リソース ファイル">
      <UniqueIdentifier>{67DA6AB6-F800-4c08-8B7A-83BB121AAD01}</UniqueIdentifier>
      <Extensions>rc;ico;cur;bmp;dlg;rc2;rct;bin;rgs;gif;jpg;jpeg;jpe;resx;tiff;tif;png;wav;mfcribbon-ms</Extensions>
    </Filter>
    <Filter Include="ソース ファイル\System">
      <UniqueIdentifier>{ef1d5fd0-fc70-4341-ab93-2b94c74bab5e}</UniqueIdentifier>
    </Filter>
    <Filter Include="ヘッダー ファイル\System">
      <UniqueIdentifier>{cbaddd7d-ee74-43b3-b172-c7b0c880a085}</UniqueIdentifier>
    </Filter>
    <Filter Include="ソース ファイル\System\Buffer">
      <UniqueIdentifier>{10c5d329-310e-4045-a8c4-3e792ae3de37}</UniqueIdentifier>
    </Filter>
    <Filter Include="ヘッダー ファイル\System\Buffer">
      <UniqueIdentifier>{535a2385-1b11-4ce7-97c5-89fb44d1b07c}</UniqueIdentifier>
    </Filter>
    <Filter Include="ソース ファイル\Game">
      <UniqueIdentifier>{2d7e5eca-ee2b-4237-adfb-55e235b5bf8e}</UniqueIdentifier>
    </Filter>
    <Filter Include="ソース ファイル\Game\Scene">
      <UniqueIdentifier>{bfde6768-fc7d-4ab5-823a-45841e71bf4c}</UniqueIdentifier>
    </Filter>
    <Filter Include="ヘッダー ファイル\Game">
      <UniqueIdentifier>{532a03ca-8517-4862-965f-61ba0c0caf22}</UniqueIdentifier>
    </Filter>
    <Filter Include="ヘッダー ファイル\Game\Scene">
      <UniqueIdentifier>{3fb13bb8-25bf-4029-8bbe-b727350a0a63}</UniqueIdentifier>
    </Filter>
    <Filter Include="ヘッダー ファイル\Game\Object">
      <UniqueIdentifier>{3b439d5b-229f-423f-9f74-5af4a15cc385}</UniqueIdentifier>
    </Filter>
    <Filter Include="ソース ファイル\Game\Object">
      <UniqueIdentifier>{aaa4a290-c27b-4d81-bb41-fd0acadd1132}</UniqueIdentifier>
    </Filter>
    <Filter Include="ヘッダー ファイル\System\PSO">
      <UniqueIdentifier>{007b888e-7bab-4bd1-bc4d-90d0e6178584}</UniqueIdentifier>
    </Filter>
    <Filter Include="ソース ファイル\System\PSO">
      <UniqueIdentifier>{27aff251-0c2d-4600-8a17-9e638b6a1c52}</UniqueIdentifier>
    </Filter>
    <Filter Include="ソース ファイル\System\RootSignature">
      <UniqueIdentifier>{421e6b6b-0945-43dc-bc3d-25379287678a}</UniqueIdentifier>
    </Filter>
    <Filter Include="ソース ファイル\System\DescriptorHeap">
      <UniqueIdentifier>{06d66024-58d4-4dbf-8479-7048966dac86}</UniqueIdentifier>
    </Filter>
    <Filter Include="ヘッダー ファイル\System\RootSignature">
      <UniqueIdentifier>{454015c4-1e83-45a9-a1b3-1b54b79e1d80}</UniqueIdentifier>
    </Filter>
    <Filter Include="ヘッダー ファイル\System\DescriptorHeap">
      <UniqueIdentifier>{2f229c0a-2929-458c-b0f9-f271e89040ba}</UniqueIdentifier>
    </Filter>
    <Filter Include="リソース ファイル\PixelShader">
      <UniqueIdentifier>{8117fc0b-0b3b-4795-81f3-66d4d1710778}</UniqueIdentifier>
    </Filter>
    <Filter Include="リソース ファイル\VertexShader">
      <UniqueIdentifier>{965176ea-49ee-4cec-9cab-908c0ce3d57d}</UniqueIdentifier>
    </Filter>
    <Filter Include="リソース ファイル\ComputeShader">
      <UniqueIdentifier>{5ad1b8a0-dfca-4bd3-83dd-0a0fdbd6e866}</UniqueIdentifier>
    </Filter>
  </ItemGroup>
  <ItemGroup>
    <ClCompile Include="main.cpp">
      <Filter>ソース ファイル</Filter>
    </ClCompile>
    <ClCompile Include="App.cpp">
      <Filter>ソース ファイル</Filter>
    </ClCompile>
    <ClCompile Include="Engine.cpp">
      <Filter>ソース ファイル\System</Filter>
    </ClCompile>
    <ClCompile Include="SharedStruct.cpp">
      <Filter>ソース ファイル\System</Filter>
    </ClCompile>
    <ClCompile Include="ConstantBuffer.cpp">
      <Filter>ソース ファイル\System\Buffer</Filter>
    </ClCompile>
    <ClCompile Include="IndexBuffer.cpp">
      <Filter>ソース ファイル\System\Buffer</Filter>
    </ClCompile>
    <ClCompile Include="VertexBuffer.cpp">
      <Filter>ソース ファイル\System\Buffer</Filter>
    </ClCompile>
    <ClCompile Include="AssimpLoader.cpp">
      <Filter>ソース ファイル\System</Filter>
    </ClCompile>
    <ClCompile Include="Texture2D.cpp">
      <Filter>ソース ファイル\System</Filter>
    </ClCompile>
    <ClCompile Include="SceneManager.cpp">
      <Filter>ソース ファイル\Game</Filter>
    </ClCompile>
    <ClCompile Include="FadeController.cpp">
      <Filter>ソース ファイル\Game</Filter>
    </ClCompile>
    <ClCompile Include="Scene.cpp">
      <Filter>ソース ファイル\Game\Scene</Filter>
    </ClCompile>
    <ClCompile Include="BaseScene.cpp">
      <Filter>ソース ファイル\Game\Scene</Filter>
    </ClCompile>
    <ClCompile Include="TitleScene.cpp">
      <Filter>ソース ファイル\Game\Scene</Filter>
    </ClCompile>
    <ClCompile Include="GameScene.cpp">
      <Filter>ソース ファイル\Game\Scene</Filter>
    </ClCompile>
    <ClCompile Include="Game.cpp">
      <Filter>ソース ファイル</Filter>
    </ClCompile>
    <ClCompile Include="Object.cpp">
      <Filter>ソース ファイル\Game\Object</Filter>
    </ClCompile>
    <ClCompile Include="Particle.cpp">
      <Filter>ソース ファイル\Game\Object</Filter>
    </ClCompile>
    <ClCompile Include="Camera.cpp">
      <Filter>ソース ファイル\Game</Filter>
    </ClCompile>
    <ClCompile Include="SphereMeshGenerator.cpp">
      <Filter>ソース ファイル</Filter>
    </ClCompile>
    <ClCompile Include="PipelineState.cpp">
      <Filter>ソース ファイル\System\PSO</Filter>
    </ClCompile>
    <ClCompile Include="ParticlePipelineState.cpp">
      <Filter>ソース ファイル\System\PSO</Filter>
    </ClCompile>
    <ClCompile Include="ComputePipelineState.cpp">
      <Filter>ソース ファイル\System\PSO</Filter>
    </ClCompile>
    <ClCompile Include="RootSignature.cpp">
      <Filter>ソース ファイル\System\RootSignature</Filter>
    </ClCompile>
    <ClCompile Include="ComputeRootSignature.cpp">
      <Filter>ソース ファイル\System\RootSignature</Filter>
    </ClCompile>
    <ClCompile Include="DescriptorHeap.cpp">
      <Filter>ソース ファイル\System\DescriptorHeap</Filter>
    </ClCompile>
    <ClCompile Include="MetaBallPipelineState.cpp">
      <Filter>ソース ファイル\System\PSO</Filter>
    </ClCompile>
    <ClCompile Include="FluidSystem.cpp">
      <Filter>ソース ファイル\Game</Filter>
    </ClCompile>
    <ClCompile Include="SpatialGrid.cpp">
      <Filter>ソース ファイル\Game</Filter>
    </ClCompile>
    <ClInclude Include="App.h">
      <Filter>ヘッダー ファイル</Filter>
    </ClInclude>
    <ClInclude Include="Engine.h">
      <Filter>ヘッダー ファイル\System</Filter>
    </ClInclude>
    <ClInclude Include="SharedStruct.h">
      <Filter>ヘッダー ファイル\System</Filter>
    </ClInclude>
    <ClInclude Include="IndexBuffer.h">
      <Filter>ヘッダー ファイル\System\Buffer</Filter>
    </ClInclude>
    <ClInclude Include="VertexBuffer.h">
      <Filter>ヘッダー ファイル\System\Buffer</Filter>
    </ClInclude>
    <ClInclude Include="ConstantBuffer.h">
      <Filter>ヘッダー ファイル\System\Buffer</Filter>
    </ClInclude>
    <ClInclude Include="AssimpLoader.h">
      <Filter>ヘッダー ファイル\System</Filter>
    </ClInclude>
    <ClInclude Include="ComPtr.h">
      <Filter>ヘッダー ファイル\System</Filter>
    </ClInclude>
    <ClInclude Include="Texture2D.h">
      <Filter>ヘッダー ファイル</Filter>
    </ClInclude>
    <ClInclude Include="BaseScene.h">
      <Filter>ヘッダー ファイル\Game\Scene</Filter>
    </ClInclude>
    <ClInclude Include="SceneManager.h">
      <Filter>ヘッダー ファイル\Game</Filter>
    </ClInclude>
    <ClInclude Include="FadeController.h">
      <Filter>ヘッダー ファイル\Game</Filter>
    </ClInclude>
    <ClInclude Include="Scene.h">
      <Filter>ヘッダー ファイル\Game\Scene</Filter>
    </ClInclude>
    <ClInclude Include="TitleScene.h">
      <Filter>ヘッダー ファイル\Game\Scene</Filter>
    </ClInclude>
    <ClInclude Include="GameScene.h">
      <Filter>ヘッダー ファイル\Game\Scene</Filter>
    </ClInclude>
    <ClInclude Include="Game.h">
      <Filter>ヘッダー ファイル</Filter>
    </ClInclude>
    <ClInclude Include="Object.h">
      <Filter>ヘッダー ファイル\Game\Object</Filter>
    </ClInclude>
    <ClInclude Include="Particle.h">
      <Filter>ヘッダー ファイル\Game\Object</Filter>
    </ClInclude>
    <ClInclude Include="ParticlePipelineState.h">
      <Filter>ヘッダー ファイル\System\PSO</Filter>
    </ClInclude>
    <ClInclude Include="PipelineState.h">
      <Filter>ヘッダー ファイル\System\PSO</Filter>
    </ClInclude>
    <ClInclude Include="ComputePipelineState.h">
      <Filter>ヘッダー ファイル\System\PSO</Filter>
    </ClInclude>
    <ClInclude Include="SphereMeshGenerator.h">
      <Filter>ヘッダー ファイル\System</Filter>
    </ClInclude>
    <ClInclude Include="ComputeRootSignature.h">
      <Filter>ヘッダー ファイル\System\RootSignature</Filter>
    </ClInclude>
    <ClInclude Include="RootSignature.h">
      <Filter>ヘッダー ファイル\System\RootSignature</Filter>
    </ClInclude>
    <ClInclude Include="DescriptorHeap.h">
      <Filter>ヘッダー ファイル\System\DescriptorHeap</Filter>
    </ClInclude>
    <ClInclude Include="MetaBallPipelineState.h">
      <Filter>ヘッダー ファイル\System\PSO</Filter>
    </ClInclude>
    <ClInclude Include="IActor.h">
      <Filter>ヘッダー ファイル\Game</Filter>
    </ClInclude>
    <ClInclude Include="FluidSystem.h">
      <Filter>ヘッダー ファイル\Game</Filter>
    </ClInclude>
    <ClInclude Include="SpatialGrid.h">
      <Filter>ヘッダー ファイル\Game</Filter>
    </ClInclude>
    <ClInclude Include="Camera.h">
      <Filter>ヘッダー ファイル\Game\Object</Filter>
    </ClInclude>
    <ClCompile Include="FullscreenPSO.cpp">
      <Filter>ソース ファイル\System\PSO</Filter>
    </ClCompile>
    <ClCompile Include="DebugCube.cpp">
      <Filter>ソース ファイル</Filter>
    </ClCompile>
  </ItemGroup>
  <ItemGroup>
    <FxCompile Include="FadePS.hlsl">
      <Filter>リソース ファイル\PixelShader</Filter>
    </FxCompile>
    <FxCompile Include="MetaBallPS.hlsl">
      <Filter>リソース ファイル\PixelShader</Filter>
    </FxCompile>
    <FxCompile Include="ParticlePS.hlsl">
      <Filter>リソース ファイル\PixelShader</Filter>
    </FxCompile>
    <FxCompile Include="SimplePS.hlsl">
      <Filter>リソース ファイル\PixelShader</Filter>
    </FxCompile>
    <FxCompile Include="FadeVS.hlsl">
      <Filter>リソース ファイル\VertexShader</Filter>
    </FxCompile>
    <FxCompile Include="MetaBallVS.hlsl">
      <Filter>リソース ファイル\VertexShader</Filter>
    </FxCompile>
    <FxCompile Include="ParticleVS.hlsl">
      <Filter>リソース ファイル\VertexShader</Filter>
    </FxCompile>
    <FxCompile Include="SimpleVS.hlsl">
      <Filter>リソース ファイル\VertexShader</Filter>
    </FxCompile>
    <FxCompile Include="BuildGridCS.hlsl">
      <Filter>リソース ファイル\ComputeShader</Filter>
    </FxCompile>
    <FxCompile Include="ParticleCS.hlsl">
      <Filter>リソース ファイル\ComputeShader</Filter>
    </FxCompile>
    <FxCompile Include="AccumBillboardPS.hlsl">
      <Filter>リソース ファイル\PixelShader</Filter>
    </FxCompile>
    <FxCompile Include="AccumBillboardVS.hlsl">
      <Filter>リソース ファイル\VertexShader</Filter>
    </FxCompile>
    <FxCompile Include="FullscreenVS.hlsl">
      <Filter>リソース ファイル\VertexShader</Filter>
    </FxCompile>
    <FxCompile Include="BlurPS.hlsl">
      <Filter>リソース ファイル\PixelShader</Filter>
    </FxCompile>
    <FxCompile Include="ColorPS.hlsl">
      <Filter>リソース ファイル\PixelShader</Filter>
    </FxCompile>
    <FxCompile Include="Composite.hlsl">
      <Filter>リソース ファイル\PixelShader</Filter>
    </FxCompile>
    <FxCompile Include="PBFCS.hlsl">
      <Filter>リソース ファイル\ComputeShader</Filter>
    </FxCompile>
    <FxCompile Include="SSFRPS.hlsl">
      <Filter>リソース ファイル\PixelShader</Filter>
    </FxCompile>
  </ItemGroup>
  <ItemGroup>
    <ClInclude Include="FullscreenPSO.h">
      <Filter>ヘッダー ファイル\System\PSO</Filter>
    </ClInclude>
    <ClInclude Include="DebugCube.h">
      <Filter>ヘッダー ファイル</Filter>
    </ClInclude>
  </ItemGroup>
</Project>